{
  "nodes": {
    "arthur-ficial-tap": {
      "flake": false,
      "locked": {
        "lastModified": 1780355658,
        "narHash": "sha256-JNeABHtlbTmUfIgaOQtmXAMzhhCyDbhx5+ACfaGpRto=",
        "owner": "arthur-ficial",
        "repo": "homebrew-tap",
        "rev": "2391673e10fc2f5b1b7e988e1ff64d608ad4feb0",
        "type": "github"
      },
      "original": {
        "owner": "arthur-ficial",
        "repo": "homebrew-tap",
        "type": "github"
      }
    },
    "brew-src": {
      "flake": false,
      "locked": {
        "lastModified": 1780137467,
        "narHash": "sha256-bBN2taztf/Jx7FANgUWHLzFYXmpUMe4TZGVYyj2zaig=",
        "owner": "Homebrew",
        "repo": "brew",
        "rev": "23e5f8602da58a4a2a4f99d5816d63763d90c2ae",
        "type": "github"
      },
      "original": {
        "owner": "Homebrew",
        "repo": "brew",
        "type": "github"
      }
    },
    "home-manager": {
      "inputs": {
        "nixpkgs": [
          "nixpkgs"
        ]
      },
      "locked": {
        "lastModified": 1780361225,
        "narHash": "sha256-wnV9ttf4fPWNonBIQmvlrSlNpQYgx5HgWWd007mwIFA=",
        "owner": "nix-community",
        "repo": "home-manager",
        "rev": "e28654b71096e08c019d4861ca26acb646f583d8",
        "type": "github"
      },
      "original": {
        "owner": "nix-community",
        "ref": "release-26.05",
        "repo": "home-manager",
        "type": "github"
      }
    },
    "homebrew-cask": {
      "flake": false,
      "locked": {
        "lastModified": 1780582166,
        "narHash": "sha256-TK0auS8YiqzEdLHipCK+AXvYaOiCytlk76cv9U1xikw=",
        "owner": "homebrew",
        "repo": "homebrew-cask",
        "rev": "9c456bf06cc337d124e380c57203602a03359e8f",
        "type": "github"
      },
      "original": {
        "owner": "homebrew",
        "repo": "homebrew-cask",
        "type": "github"
      }
    },
    "homebrew-core": {
      "flake": false,
      "locked": {
        "lastModified": 1780581385,
        "narHash": "sha256-jJCRBKzBD4mj8MspQFjof16x83PSHTe7miK0sEaHo3M=",
        "owner": "homebrew",
        "repo": "homebrew-core",
        "rev": "3c8d1bec8f9aa1888129e51931d95a3eb133f321",
        "type": "github"
      },
      "original": {
        "owner": "homebrew",
        "repo": "homebrew-core",
        "type": "github"
      }
    },
    "nix-darwin": {
      "inputs": {
        "nixpkgs": [
          "nixpkgs-darwin"
        ]
      },
      "locked": {
        "lastModified": 1779036909,
        "narHash": "sha256-zXcwYQGCT6pzinK+1dBB2ekTVtfxGZAapb3Evdcu4fY=",
        "owner": "nix-darwin",
        "repo": "nix-darwin",
        "rev": "56c666e108467d87d13508936aade6d567f2a501",
        "type": "github"
      },
      "original": {
        "owner": "nix-darwin",
        "ref": "nix-darwin-26.05",
        "repo": "nix-darwin",
        "type": "github"
      }
    },
    "nix-homebrew": {
      "inputs": {
        "brew-src": [
          "brew-src"
        ]
      },
      "locked": {
        "lastModified": 1780492467,
        "narHash": "sha256-zMEJwtQPmsPPgPczFkyjWHgd1z0HagOPS2Wt2WDYLJY=",
        "owner": "zhaofengli",
        "repo": "nix-homebrew",
        "rev": "562332f97de9f5ba51aa647d70462e88222b2988",
        "type": "github"
      },
      "original": {
        "owner": "zhaofengli",
        "repo": "nix-homebrew",
        "type": "github"
      }
    },
    "nixpkgs": {
      "locked": {
        "lastModified": 1780453794,
        "narHash": "sha256-bXMRa9VTsHSPXL4Cw8R6JJLQeY3Y/IP4+YJCYVmQ7FY=",
        "owner": "NixOS",
        "repo": "nixpkgs",
        "rev": "6b316287bae2ee04c9b93c8c858d930fd07d7338",
        "type": "github"
      },
      "original": {
        "owner": "NixOS",
        "ref": "nixos-26.05",
        "repo": "nixpkgs",
        "type": "github"
      }
    },
    "nixpkgs-darwin": {
      "locked": {
        "lastModified": 1780534559,
        "narHash": "sha256-e2jiIqs6o/8rso9xFGitwOMsWxxLAQkZ758GoUR10Kw=",
        "owner": "NixOS",
        "repo": "nixpkgs",
        "rev": "42312874ce88f32e2a8f922f57fe00ca9f649d4e",
        "type": "github"
      },
      "original": {
        "owner": "NixOS",
        "ref": "nixpkgs-26.05-darwin",
        "repo": "nixpkgs",
        "type": "github"
      }
    },
    "nixpkgs-unstable": {
      "locked": {
        "lastModified": 1780243769,
        "narHash": "sha256-x5UQuRsH3MqI0U9afaXSNqzTPSeZlRLvFAav2Ux1pNw=",
        "owner": "NixOS",
        "repo": "nixpkgs",
        "rev": "331800de5053fcebacf6813adb5db9c9dca22a0c",
        "type": "github"
      },
      "original": {
        "owner": "NixOS",
        "ref": "nixos-unstable",
        "repo": "nixpkgs",
        "type": "github"
      }
    },
    "root": {
      "inputs": {
        "arthur-ficial-tap": "arthur-ficial-tap",
        "brew-src": "brew-src",
        "home-manager": "home-manager",
        "homebrew-cask": "homebrew-cask",
        "homebrew-core": "homebrew-core",
        "nix-darwin": "nix-darwin",
        "nix-homebrew": "nix-homebrew",
        "nixpkgs": "nixpkgs",
        "nixpkgs-darwin": "nixpkgs-darwin",
        "nixpkgs-unstable": "nixpkgs-unstable",
        "whatcable-tap": "whatcable-tap"
      }
    },
    "whatcable-tap": {
      "flake": false,
      "locked": {
        "lastModified": 1780580149,
        "narHash": "sha256-oPCO73M7HGWn6PuazhPxYZIds/prN6NxAvZ+TV9N0qE=",
        "owner": "darrylmorley",
        "repo": "homebrew-whatcable",
        "rev": "f2585f80f06312d7da75d9e40dbc0446145e7d2d",
        "type": "github"
      },
      "original": {
        "owner": "darrylmorley",
        "repo": "homebrew-whatcable",
        "type": "github"
      }
    }
  },
  "root": "root",
  "version": 7
}
